
Microsoft Visual Studio Solution File, Format Version 12.00
# Visual Studio Version 17
VisualStudioVersion = 17.3.32929.385
MinimumVisualStudioVersion = 10.0.40219.1
Project("{FAE04EC0-301F-11D3-BF4B-00C04F79EFBC}") = "NetCoreReacJS", "NetCoreReacJS\NetCoreReacJS.csproj", "{2B43A28C-909A-4770-955D-350572174469}"
EndProject
Global
	GlobalSection(SolutionConfigurationPlatforms) = preSolution
		Debug|Any CPU = Debug|Any CPU
		Release|Any CPU = Release|Any CPU
	EndGlobalSection
	GlobalSection(ProjectConfigurationPlatforms) = postSolution
		{2B43A28C-909A-4770-955D-350572174469}.Debug|Any CPU.ActiveCfg = Debug|Any CPU
		{2B43A28C-909A-4770-955D-350572174469}.Debug|Any CPU.Build.0 = Debug|Any CPU
		{2B43A28C-909A-4770-955D-350572174469}.Release|Any CPU.ActiveCfg = Release|Any CPU
		{2B43A28C-909A-4770-955D-350572174469}.Release|Any CPU.Build.0 = Release|Any CPU
	EndGlobalSection
	GlobalSection(SolutionProperties) = preSolution
		HideSolutionNode = FALSE
	EndGlobalSection
	GlobalSection(ExtensibilityGlobals) = postSolution
		SolutionGuid = {0B309790-5869-4C35-96CF-16ACE6DBF864}
	EndGlobalSection
EndGlobal
